
Microsoft Visual Studio Solution File, Format Version 12.00
# Visual Studio Version 16
VisualStudioVersion = 16.0.32106.194
MinimumVisualStudioVersion = 10.0.40219.1
Project("{FAE04EC0-301F-11D3-BF4B-00C04F79EFBC}") = "NagyGabor_feleves_hazi", "NagyGabor_feleves_hazi\NagyGabor_feleves_hazi.csproj", "{A0E69C3E-4C0F-4AB7-BB24-9888C9902870}"
EndProject
Global
	GlobalSection(SolutionConfigurationPlatforms) = preSolution
		Debug|Any CPU = Debug|Any CPU
		Release|Any CPU = Release|Any CPU
	EndGlobalSection
	GlobalSection(ProjectConfigurationPlatforms) = postSolution
		{A0E69C3E-4C0F-4AB7-BB24-9888C9902870}.Debug|Any CPU.ActiveCfg = Debug|Any CPU
		{A0E69C3E-4C0F-4AB7-BB24-9888C9902870}.Debug|Any CPU.Build.0 = Debug|Any CPU
		{A0E69C3E-4C0F-4AB7-BB24-9888C9902870}.Release|Any CPU.ActiveCfg = Release|Any CPU
		{A0E69C3E-4C0F-4AB7-BB24-9888C9902870}.Release|Any CPU.Build.0 = Release|Any CPU
	EndGlobalSection
	GlobalSection(SolutionProperties) = preSolution
		HideSolutionNode = FALSE
	EndGlobalSection
	GlobalSection(ExtensibilityGlobals) = postSolution
		SolutionGuid = {1EF2F9A7-FD94-448A-9AA9-8867F4CA1741}
	EndGlobalSection
EndGlobal
